{
  "name": "goingup-xyz",
  "lockfileVersion": 2,
  "requires": true,
  "packages": {
    "": {
      "dependencies": {
        "react-hotjar": "^5.0.0"
      }
    },
    "node_modules/react-hotjar": {
      "version": "5.0.0",
      "resolved": "https://registry.npmjs.org/react-hotjar/-/react-hotjar-5.0.0.tgz",
      "integrity": "sha512-nEKDm+O5a77C9DlheuA9tz5rwhRjeIFPLhdvynGFxEYTT1qrYC3NU12Z9/tgvN2l9Tzyn7erUQ0C8fZHZBceTw=="
    }
  },
  "dependencies": {
    "react-hotjar": {
      "version": "5.0.0",
      "resolved": "https://registry.npmjs.org/react-hotjar/-/react-hotjar-5.0.0.tgz",
      "integrity": "sha512-nEKDm+O5a77C9DlheuA9tz5rwhRjeIFPLhdvynGFxEYTT1qrYC3NU12Z9/tgvN2l9Tzyn7erUQ0C8fZHZBceTw=="
    }
  }
}
