{
  "name": "goingup-xyz",
  "lockfileVersion": 2,
  "requires": true,
  "packages": {
    "": {
      "dependencies": {
        "react-hotjar": "^5.0.0",
        "truncate-eth-address": "^1.0.2"
      }
    },
    "node_modules/react-hotjar": {
      "version": "5.0.0",
      "resolved": "https://registry.npmjs.org/react-hotjar/-/react-hotjar-5.0.0.tgz",
      "integrity": "sha512-nEKDm+O5a77C9DlheuA9tz5rwhRjeIFPLhdvynGFxEYTT1qrYC3NU12Z9/tgvN2l9Tzyn7erUQ0C8fZHZBceTw=="
    },
    "node_modules/truncate-eth-address": {
      "version": "1.0.2",
      "resolved": "https://registry.npmjs.org/truncate-eth-address/-/truncate-eth-address-1.0.2.tgz",
      "integrity": "sha512-MLGSzEIDam9XdBQejtCpQfdbgXfYTEkQseqpz+Pcqu6SEvvVC4mYniWFp4n8VG+KOi6jYVtUfA6cqWecSvS3rw=="
    }
  },
  "dependencies": {
    "react-hotjar": {
      "version": "5.0.0",
      "resolved": "https://registry.npmjs.org/react-hotjar/-/react-hotjar-5.0.0.tgz",
      "integrity": "sha512-nEKDm+O5a77C9DlheuA9tz5rwhRjeIFPLhdvynGFxEYTT1qrYC3NU12Z9/tgvN2l9Tzyn7erUQ0C8fZHZBceTw=="
    },
    "truncate-eth-address": {
      "version": "1.0.2",
      "resolved": "https://registry.npmjs.org/truncate-eth-address/-/truncate-eth-address-1.0.2.tgz",
      "integrity": "sha512-MLGSzEIDam9XdBQejtCpQfdbgXfYTEkQseqpz+Pcqu6SEvvVC4mYniWFp4n8VG+KOi6jYVtUfA6cqWecSvS3rw=="
    }
  }
}
